
Microsoft Visual Studio Solution File, Format Version 12.00
# Visual Studio Version 16
VisualStudioVersion = 16.0.31829.152
MinimumVisualStudioVersion = 10.0.40219.1
Project("{8BC9CEB8-8B4A-11D0-8D11-00A0C91BC942}") = "PDD_Hub", "PDD_Hub.vcxproj", "{C5F80730-F44F-4478-BDAE-6634EFC2CA88}"
EndProject
Project("{8BC9CEB8-8B4A-11D0-8D11-00A0C91BC942}") = "PDD_Tests_AnalogIR", "C:\Users\Devan\Documents\Arduino\PDD_Tests_AnalogIR\PDD_Tests_AnalogIR.vcxproj", "{57C6C551-318E-4416-A045-1F6244C57007}"
EndProject
Global
	GlobalSection(SolutionConfigurationPlatforms) = preSolution
		Debug|x86 = Debug|x86
		Release|x86 = Release|x86
	EndGlobalSection
	GlobalSection(ProjectConfigurationPlatforms) = postSolution
		{C5F80730-F44F-4478-BDAE-6634EFC2CA88}.Debug|x86.ActiveCfg = Debug|Win32
		{C5F80730-F44F-4478-BDAE-6634EFC2CA88}.Debug|x86.Build.0 = Debug|Win32
		{C5F80730-F44F-4478-BDAE-6634EFC2CA88}.Release|x86.ActiveCfg = Release|Win32
		{C5F80730-F44F-4478-BDAE-6634EFC2CA88}.Release|x86.Build.0 = Release|Win32
		{57C6C551-318E-4416-A045-1F6244C57007}.Debug|x86.ActiveCfg = Debug|Win32
		{57C6C551-318E-4416-A045-1F6244C57007}.Debug|x86.Build.0 = Debug|Win32
		{57C6C551-318E-4416-A045-1F6244C57007}.Release|x86.ActiveCfg = Release|Win32
		{57C6C551-318E-4416-A045-1F6244C57007}.Release|x86.Build.0 = Release|Win32
	EndGlobalSection
	GlobalSection(SolutionProperties) = preSolution
		HideSolutionNode = FALSE
	EndGlobalSection
	GlobalSection(ExtensibilityGlobals) = postSolution
		SolutionGuid = {B9C084CE-BAB0-4AE6-88B5-E6DDA740D312}
	EndGlobalSection
EndGlobal
